
Microsoft Visual Studio Solution File, Format Version 12.00
# Visual Studio Version 16
VisualStudioVersion = 16.0.32106.194
MinimumVisualStudioVersion = 10.0.40219.1
Project("{9A19103F-16F7-4668-BE54-9A1E7A4F7556}") = "FreightChargeApp", "FreightChargeApp.csproj", "{DF7CBC82-B747-40F2-A380-AD152C0A2E40}"
EndProject
Project("{9A19103F-16F7-4668-BE54-9A1E7A4F7556}") = "FreightChargeApp.Data", "..\FreightChargeApp.Data\FreightChargeApp.Data.csproj", "{B9E9DD93-8DC9-4478-BDEB-D8838A40705D}"
EndProject
Project("{9A19103F-16F7-4668-BE54-9A1E7A4F7556}") = "FreightChargeApp.Domain", "..\FreightChargeApp.Domain\FreightChargeApp.Domain.csproj", "{0821F382-CBAE-4147-AD95-882E6F5BF80E}"
EndProject
Project("{FAE04EC0-301F-11D3-BF4B-00C04F79EFBC}") = "FreightChargeApp.Domain.Tests", "..\FreightChargeApp.Domain.Tests\FreightChargeApp.Domain.Tests.csproj", "{86D5AEFC-953A-4C4C-9211-F918F25C2AB4}"
EndProject
Global
	GlobalSection(SolutionConfigurationPlatforms) = preSolution
		Debug|Any CPU = Debug|Any CPU
		Release|Any CPU = Release|Any CPU
	EndGlobalSection
	GlobalSection(ProjectConfigurationPlatforms) = postSolution
		{DF7CBC82-B747-40F2-A380-AD152C0A2E40}.Debug|Any CPU.ActiveCfg = Debug|Any CPU
		{DF7CBC82-B747-40F2-A380-AD152C0A2E40}.Debug|Any CPU.Build.0 = Debug|Any CPU
		{DF7CBC82-B747-40F2-A380-AD152C0A2E40}.Release|Any CPU.ActiveCfg = Release|Any CPU
		{DF7CBC82-B747-40F2-A380-AD152C0A2E40}.Release|Any CPU.Build.0 = Release|Any CPU
		{B9E9DD93-8DC9-4478-BDEB-D8838A40705D}.Debug|Any CPU.ActiveCfg = Debug|Any CPU
		{B9E9DD93-8DC9-4478-BDEB-D8838A40705D}.Debug|Any CPU.Build.0 = Debug|Any CPU
		{B9E9DD93-8DC9-4478-BDEB-D8838A40705D}.Release|Any CPU.ActiveCfg = Release|Any CPU
		{B9E9DD93-8DC9-4478-BDEB-D8838A40705D}.Release|Any CPU.Build.0 = Release|Any CPU
		{0821F382-CBAE-4147-AD95-882E6F5BF80E}.Debug|Any CPU.ActiveCfg = Debug|Any CPU
		{0821F382-CBAE-4147-AD95-882E6F5BF80E}.Debug|Any CPU.Build.0 = Debug|Any CPU
		{0821F382-CBAE-4147-AD95-882E6F5BF80E}.Release|Any CPU.ActiveCfg = Release|Any CPU
		{0821F382-CBAE-4147-AD95-882E6F5BF80E}.Release|Any CPU.Build.0 = Release|Any CPU
		{86D5AEFC-953A-4C4C-9211-F918F25C2AB4}.Debug|Any CPU.ActiveCfg = Debug|Any CPU
		{86D5AEFC-953A-4C4C-9211-F918F25C2AB4}.Debug|Any CPU.Build.0 = Debug|Any CPU
		{86D5AEFC-953A-4C4C-9211-F918F25C2AB4}.Release|Any CPU.ActiveCfg = Release|Any CPU
		{86D5AEFC-953A-4C4C-9211-F918F25C2AB4}.Release|Any CPU.Build.0 = Release|Any CPU
	EndGlobalSection
	GlobalSection(SolutionProperties) = preSolution
		HideSolutionNode = FALSE
	EndGlobalSection
	GlobalSection(ExtensibilityGlobals) = postSolution
		SolutionGuid = {E6345F21-4D92-4111-8569-B4521B4ECF1B}
	EndGlobalSection
EndGlobal
